
Microsoft Visual Studio Solution File, Format Version 12.00
# Visual Studio Version 17
VisualStudioVersion = 17.14.36518.9 d17.14
MinimumVisualStudioVersion = 10.0.40219.1
Project("{FAE04EC0-301F-11D3-BF4B-00C04F79EFBC}") = "Project 3-Dhofar Car Rental", "Project 4 — “Salalah Sports League”\Project 3-Dhofar Car Rental.csproj", "{BF616DE5-E3F3-4F5C-B629-B3D368851204}"
EndProject
Global
	GlobalSection(SolutionConfigurationPlatforms) = preSolution
		Debug|Any CPU = Debug|Any CPU
		Release|Any CPU = Release|Any CPU
	EndGlobalSection
	GlobalSection(ProjectConfigurationPlatforms) = postSolution
		{BF616DE5-E3F3-4F5C-B629-B3D368851204}.Debug|Any CPU.ActiveCfg = Debug|Any CPU
		{BF616DE5-E3F3-4F5C-B629-B3D368851204}.Debug|Any CPU.Build.0 = Debug|Any CPU
		{BF616DE5-E3F3-4F5C-B629-B3D368851204}.Release|Any CPU.ActiveCfg = Release|Any CPU
		{BF616DE5-E3F3-4F5C-B629-B3D368851204}.Release|Any CPU.Build.0 = Release|Any CPU
	EndGlobalSection
	GlobalSection(SolutionProperties) = preSolution
		HideSolutionNode = FALSE
	EndGlobalSection
	GlobalSection(ExtensibilityGlobals) = postSolution
		SolutionGuid = {2B4618A7-07E8-43EA-B308-E4C8AFEC27F3}
	EndGlobalSection
EndGlobal
